// !$*UTF8*$!
{
	archiveVersion = 1;
	classes = {
	};
	objectVersion = 46;
	objects = {

/* Begin PBXAggregateTarget section */
		"HTTPFluent::HTTPFluentPackageTests::ProductTarget" /* HTTPFluentPackageTests */ = {
			isa = PBXAggregateTarget;
			buildConfigurationList = OBJ_67 /* Build configuration list for PBXAggregateTarget "HTTPFluentPackageTests" */;
			buildPhases = (
			);
			dependencies = (
				OBJ_70 /* PBXTargetDependency */,
			);
			name = HTTPFluentPackageTests;
			productName = HTTPFluentPackageTests;
		};
/* End PBXAggregateTarget section */

/* Begin PBXBuildFile section */
		F35FBD3324BD43AC00B90259 /* Publisher.swift in Sources */ = {isa = PBXBuildFile; fileRef = F35FBD3224BD43AC00B90259 /* Publisher.swift */; };
		OBJ_43 /* HTTPClient.swift in Sources */ = {isa = PBXBuildFile; fileRef = OBJ_9 /* HTTPClient.swift */; };
		OBJ_44 /* HTTPClientProtocol+Combine.swift in Sources */ = {isa = PBXBuildFile; fileRef = OBJ_10 /* HTTPClientProtocol+Combine.swift */; };
		OBJ_46 /* HTTPClientProtocol.swift in Sources */ = {isa = PBXBuildFile; fileRef = OBJ_12 /* HTTPClientProtocol.swift */; };
		OBJ_47 /* DynamicCodingKey.swift in Sources */ = {isa = PBXBuildFile; fileRef = OBJ_13 /* DynamicCodingKey.swift */; };
		OBJ_48 /* FormData.swift in Sources */ = {isa = PBXBuildFile; fileRef = OBJ_14 /* FormData.swift */; };
		OBJ_49 /* HTTPError.swift in Sources */ = {isa = PBXBuildFile; fileRef = OBJ_15 /* HTTPError.swift */; };
		OBJ_50 /* HTTPHeaderField.swift in Sources */ = {isa = PBXBuildFile; fileRef = OBJ_16 /* HTTPHeaderField.swift */; };
		OBJ_51 /* HTTPMethod.swift in Sources */ = {isa = PBXBuildFile; fileRef = OBJ_17 /* HTTPMethod.swift */; };
		OBJ_52 /* MimeType.swift in Sources */ = {isa = PBXBuildFile; fileRef = OBJ_18 /* MimeType.swift */; };
		OBJ_53 /* NestedDecodable.swift in Sources */ = {isa = PBXBuildFile; fileRef = OBJ_19 /* NestedDecodable.swift */; };
		OBJ_54 /* URLRequestBuilder.swift in Sources */ = {isa = PBXBuildFile; fileRef = OBJ_20 /* URLRequestBuilder.swift */; };
		OBJ_55 /* URLRequestBuilderProtocol+HTTPBody.swift in Sources */ = {isa = PBXBuildFile; fileRef = OBJ_21 /* URLRequestBuilderProtocol+HTTPBody.swift */; };
		OBJ_56 /* URLRequestBuilderProtocol+URL.swift in Sources */ = {isa = PBXBuildFile; fileRef = OBJ_22 /* URLRequestBuilderProtocol+URL.swift */; };
		OBJ_57 /* URLRequestBuilderProtocol+URLRequest.swift in Sources */ = {isa = PBXBuildFile; fileRef = OBJ_23 /* URLRequestBuilderProtocol+URLRequest.swift */; };
		OBJ_58 /* URLRequestBuilderProtocol.swift in Sources */ = {isa = PBXBuildFile; fileRef = OBJ_24 /* URLRequestBuilderProtocol.swift */; };
		OBJ_65 /* Package.swift in Sources */ = {isa = PBXBuildFile; fileRef = OBJ_6 /* Package.swift */; };
		OBJ_76 /* Const.swift in Sources */ = {isa = PBXBuildFile; fileRef = OBJ_27 /* Const.swift */; };
		OBJ_77 /* HTTPBinResponse.swift in Sources */ = {isa = PBXBuildFile; fileRef = OBJ_28 /* HTTPBinResponse.swift */; };
		OBJ_78 /* HTTPFluentCombineTests.swift in Sources */ = {isa = PBXBuildFile; fileRef = OBJ_29 /* HTTPFluentCombineTests.swift */; };
		OBJ_80 /* Slide.swift in Sources */ = {isa = PBXBuildFile; fileRef = OBJ_31 /* Slide.swift */; };
		OBJ_82 /* HTTPFluent.framework in Frameworks */ = {isa = PBXBuildFile; fileRef = "HTTPFluent::HTTPFluent::Product" /* HTTPFluent.framework */; };
/* End PBXBuildFile section */

/* Begin PBXContainerItemProxy section */
		F35FBD3024BD2C1C00B90259 /* PBXContainerItemProxy */ = {
			isa = PBXContainerItemProxy;
			containerPortal = OBJ_1 /* Project object */;
			proxyType = 1;
			remoteGlobalIDString = "HTTPFluent::HTTPFluent";
			remoteInfo = HTTPFluent;
		};
		F35FBD3124BD2C1D00B90259 /* PBXContainerItemProxy */ = {
			isa = PBXContainerItemProxy;
			containerPortal = OBJ_1 /* Project object */;
			proxyType = 1;
			remoteGlobalIDString = "HTTPFluent::HTTPFluentTests";
			remoteInfo = HTTPFluentTests;
		};
/* End PBXContainerItemProxy section */

/* Begin PBXFileReference section */
		F35FBD3224BD43AC00B90259 /* Publisher.swift */ = {isa = PBXFileReference; lastKnownFileType = sourcecode.swift; path = Publisher.swift; sourceTree = "<group>"; };
		"HTTPFluent::HTTPFluent::Product" /* HTTPFluent.framework */ = {isa = PBXFileReference; lastKnownFileType = wrapper.framework; path = HTTPFluent.framework; sourceTree = BUILT_PRODUCTS_DIR; };
		"HTTPFluent::HTTPFluentTests::Product" /* HTTPFluentTests.xctest */ = {isa = PBXFileReference; lastKnownFileType = file; path = HTTPFluentTests.xctest; sourceTree = BUILT_PRODUCTS_DIR; };
		OBJ_10 /* HTTPClientProtocol+Combine.swift */ = {isa = PBXFileReference; lastKnownFileType = sourcecode.swift; path = "HTTPClientProtocol+Combine.swift"; sourceTree = "<group>"; };
		OBJ_12 /* HTTPClientProtocol.swift */ = {isa = PBXFileReference; lastKnownFileType = sourcecode.swift; path = HTTPClientProtocol.swift; sourceTree = "<group>"; };
		OBJ_13 /* DynamicCodingKey.swift */ = {isa = PBXFileReference; lastKnownFileType = sourcecode.swift; path = DynamicCodingKey.swift; sourceTree = "<group>"; };
		OBJ_14 /* FormData.swift */ = {isa = PBXFileReference; lastKnownFileType = sourcecode.swift; path = FormData.swift; sourceTree = "<group>"; };
		OBJ_15 /* HTTPError.swift */ = {isa = PBXFileReference; lastKnownFileType = sourcecode.swift; path = HTTPError.swift; sourceTree = "<group>"; };
		OBJ_16 /* HTTPHeaderField.swift */ = {isa = PBXFileReference; lastKnownFileType = sourcecode.swift; path = HTTPHeaderField.swift; sourceTree = "<group>"; };
		OBJ_17 /* HTTPMethod.swift */ = {isa = PBXFileReference; lastKnownFileType = sourcecode.swift; path = HTTPMethod.swift; sourceTree = "<group>"; };
		OBJ_18 /* MimeType.swift */ = {isa = PBXFileReference; lastKnownFileType = sourcecode.swift; path = MimeType.swift; sourceTree = "<group>"; };
		OBJ_19 /* NestedDecodable.swift */ = {isa = PBXFileReference; lastKnownFileType = sourcecode.swift; path = NestedDecodable.swift; sourceTree = "<group>"; };
		OBJ_20 /* URLRequestBuilder.swift */ = {isa = PBXFileReference; lastKnownFileType = sourcecode.swift; path = URLRequestBuilder.swift; sourceTree = "<group>"; };
		OBJ_21 /* URLRequestBuilderProtocol+HTTPBody.swift */ = {isa = PBXFileReference; lastKnownFileType = sourcecode.swift; path = "URLRequestBuilderProtocol+HTTPBody.swift"; sourceTree = "<group>"; };
		OBJ_22 /* URLRequestBuilderProtocol+URL.swift */ = {isa = PBXFileReference; lastKnownFileType = sourcecode.swift; path = "URLRequestBuilderProtocol+URL.swift"; sourceTree = "<group>"; };
		OBJ_23 /* URLRequestBuilderProtocol+URLRequest.swift */ = {isa = PBXFileReference; lastKnownFileType = sourcecode.swift; path = "URLRequestBuilderProtocol+URLRequest.swift"; sourceTree = "<group>"; };
		OBJ_24 /* URLRequestBuilderProtocol.swift */ = {isa = PBXFileReference; lastKnownFileType = sourcecode.swift; path = URLRequestBuilderProtocol.swift; sourceTree = "<group>"; };
		OBJ_27 /* Const.swift */ = {isa = PBXFileReference; lastKnownFileType = sourcecode.swift; path = Const.swift; sourceTree = "<group>"; };
		OBJ_28 /* HTTPBinResponse.swift */ = {isa = PBXFileReference; lastKnownFileType = sourcecode.swift; path = HTTPBinResponse.swift; sourceTree = "<group>"; };
		OBJ_29 /* HTTPFluentCombineTests.swift */ = {isa = PBXFileReference; lastKnownFileType = sourcecode.swift; path = HTTPFluentCombineTests.swift; sourceTree = "<group>"; };
		OBJ_31 /* Slide.swift */ = {isa = PBXFileReference; lastKnownFileType = sourcecode.swift; path = Slide.swift; sourceTree = "<group>"; };
		OBJ_35 /* LICENSE */ = {isa = PBXFileReference; lastKnownFileType = text; path = LICENSE; sourceTree = "<group>"; };
		OBJ_36 /* README.md */ = {isa = PBXFileReference; lastKnownFileType = net.daringfireball.markdown; path = README.md; sourceTree = "<group>"; };
		OBJ_37 /* HTTPFluent.podspec */ = {isa = PBXFileReference; lastKnownFileType = text; path = HTTPFluent.podspec; sourceTree = "<group>"; };
		OBJ_6 /* Package.swift */ = {isa = PBXFileReference; explicitFileType = sourcecode.swift; path = Package.swift; sourceTree = "<group>"; };
		OBJ_9 /* HTTPClient.swift */ = {isa = PBXFileReference; lastKnownFileType = sourcecode.swift; path = HTTPClient.swift; sourceTree = "<group>"; };
/* End PBXFileReference section */

/* Begin PBXFrameworksBuildPhase section */
		OBJ_59 /* Frameworks */ = {
			isa = PBXFrameworksBuildPhase;
			buildActionMask = 0;
			files = (
			);
			runOnlyForDeploymentPostprocessing = 0;
		};
		OBJ_81 /* Frameworks */ = {
			isa = PBXFrameworksBuildPhase;
			buildActionMask = 0;
			files = (
				OBJ_82 /* HTTPFluent.framework in Frameworks */,
			);
			runOnlyForDeploymentPostprocessing = 0;
		};
/* End PBXFrameworksBuildPhase section */

/* Begin PBXGroup section */
		OBJ_25 /* Tests */ = {
			isa = PBXGroup;
			children = (
				OBJ_26 /* HTTPFluentTests */,
			);
			name = Tests;
			sourceTree = SOURCE_ROOT;
		};
		OBJ_26 /* HTTPFluentTests */ = {
			isa = PBXGroup;
			children = (
				OBJ_27 /* Const.swift */,
				OBJ_28 /* HTTPBinResponse.swift */,
				OBJ_29 /* HTTPFluentCombineTests.swift */,
				OBJ_31 /* Slide.swift */,
			);
			name = HTTPFluentTests;
			path = Tests/HTTPFluentTests;
			sourceTree = SOURCE_ROOT;
		};
		OBJ_32 /* Products */ = {
			isa = PBXGroup;
			children = (
				"HTTPFluent::HTTPFluentTests::Product" /* HTTPFluentTests.xctest */,
				"HTTPFluent::HTTPFluent::Product" /* HTTPFluent.framework */,
			);
			name = Products;
			sourceTree = BUILT_PRODUCTS_DIR;
		};
		OBJ_5 = {
			isa = PBXGroup;
			children = (
				OBJ_6 /* Package.swift */,
				OBJ_7 /* Sources */,
				OBJ_25 /* Tests */,
				OBJ_32 /* Products */,
				OBJ_35 /* LICENSE */,
				OBJ_36 /* README.md */,
				OBJ_37 /* HTTPFluent.podspec */,
			);
			sourceTree = "<group>";
		};
		OBJ_7 /* Sources */ = {
			isa = PBXGroup;
			children = (
				OBJ_8 /* HTTPFluent */,
			);
			name = Sources;
			sourceTree = SOURCE_ROOT;
		};
		OBJ_8 /* HTTPFluent */ = {
			isa = PBXGroup;
			children = (
				OBJ_13 /* DynamicCodingKey.swift */,
				OBJ_14 /* FormData.swift */,
				OBJ_9 /* HTTPClient.swift */,
				OBJ_12 /* HTTPClientProtocol.swift */,
				OBJ_10 /* HTTPClientProtocol+Combine.swift */,
				OBJ_15 /* HTTPError.swift */,
				OBJ_16 /* HTTPHeaderField.swift */,
				OBJ_17 /* HTTPMethod.swift */,
				OBJ_18 /* MimeType.swift */,
				OBJ_19 /* NestedDecodable.swift */,
				F35FBD3224BD43AC00B90259 /* Publisher.swift */,
				OBJ_20 /* URLRequestBuilder.swift */,
				OBJ_24 /* URLRequestBuilderProtocol.swift */,
				OBJ_21 /* URLRequestBuilderProtocol+HTTPBody.swift */,
				OBJ_22 /* URLRequestBuilderProtocol+URL.swift */,
				OBJ_23 /* URLRequestBuilderProtocol+URLRequest.swift */,
			);
			name = HTTPFluent;
			path = Sources/HTTPFluent;
			sourceTree = SOURCE_ROOT;
		};
/* End PBXGroup section */

/* Begin PBXNativeTarget section */
		"HTTPFluent::HTTPFluent" /* HTTPFluent */ = {
			isa = PBXNativeTarget;
			buildConfigurationList = OBJ_39 /* Build configuration list for PBXNativeTarget "HTTPFluent" */;
			buildPhases = (
				OBJ_42 /* Sources */,
				OBJ_59 /* Frameworks */,
			);
			buildRules = (
			);
			dependencies = (
			);
			name = HTTPFluent;
			productName = HTTPFluent;
			productReference = "HTTPFluent::HTTPFluent::Product" /* HTTPFluent.framework */;
			productType = "com.apple.product-type.framework";
		};
		"HTTPFluent::HTTPFluentTests" /* HTTPFluentTests */ = {
			isa = PBXNativeTarget;
			buildConfigurationList = OBJ_72 /* Build configuration list for PBXNativeTarget "HTTPFluentTests" */;
			buildPhases = (
				OBJ_75 /* Sources */,
				OBJ_81 /* Frameworks */,
			);
			buildRules = (
			);
			dependencies = (
				OBJ_83 /* PBXTargetDependency */,
			);
			name = HTTPFluentTests;
			productName = HTTPFluentTests;
			productReference = "HTTPFluent::HTTPFluentTests::Product" /* HTTPFluentTests.xctest */;
			productType = "com.apple.product-type.bundle.unit-test";
		};
		"HTTPFluent::SwiftPMPackageDescription" /* HTTPFluentPackageDescription */ = {
			isa = PBXNativeTarget;
			buildConfigurationList = OBJ_61 /* Build configuration list for PBXNativeTarget "HTTPFluentPackageDescription" */;
			buildPhases = (
				OBJ_64 /* Sources */,
			);
			buildRules = (
			);
			dependencies = (
			);
			name = HTTPFluentPackageDescription;
			productName = HTTPFluentPackageDescription;
			productType = "com.apple.product-type.framework";
		};
/* End PBXNativeTarget section */

/* Begin PBXProject section */
		OBJ_1 /* Project object */ = {
			isa = PBXProject;
			attributes = {
				LastSwiftMigration = 9999;
				LastUpgradeCheck = 9999;
			};
			buildConfigurationList = OBJ_2 /* Build configuration list for PBXProject "HTTPFluent" */;
			compatibilityVersion = "Xcode 3.2";
			developmentRegion = en;
			hasScannedForEncodings = 0;
			knownRegions = (
				en,
			);
			mainGroup = OBJ_5;
			productRefGroup = OBJ_32 /* Products */;
			projectDirPath = "";
			projectRoot = "";
			targets = (
				"HTTPFluent::HTTPFluent" /* HTTPFluent */,
				"HTTPFluent::SwiftPMPackageDescription" /* HTTPFluentPackageDescription */,
				"HTTPFluent::HTTPFluentPackageTests::ProductTarget" /* HTTPFluentPackageTests */,
				"HTTPFluent::HTTPFluentTests" /* HTTPFluentTests */,
			);
		};
/* End PBXProject section */

/* Begin PBXSourcesBuildPhase section */
		OBJ_42 /* Sources */ = {
			isa = PBXSourcesBuildPhase;
			buildActionMask = 0;
			files = (
				OBJ_43 /* HTTPClient.swift in Sources */,
				OBJ_44 /* HTTPClientProtocol+Combine.swift in Sources */,
				OBJ_46 /* HTTPClientProtocol.swift in Sources */,
				OBJ_47 /* DynamicCodingKey.swift in Sources */,
				OBJ_48 /* FormData.swift in Sources */,
				OBJ_49 /* HTTPError.swift in Sources */,
				OBJ_50 /* HTTPHeaderField.swift in Sources */,
				OBJ_51 /* HTTPMethod.swift in Sources */,
				OBJ_52 /* MimeType.swift in Sources */,
				F35FBD3324BD43AC00B90259 /* Publisher.swift in Sources */,
				OBJ_53 /* NestedDecodable.swift in Sources */,
				OBJ_54 /* URLRequestBuilder.swift in Sources */,
				OBJ_55 /* URLRequestBuilderProtocol+HTTPBody.swift in Sources */,
				OBJ_56 /* URLRequestBuilderProtocol+URL.swift in Sources */,
				OBJ_57 /* URLRequestBuilderProtocol+URLRequest.swift in Sources */,
				OBJ_58 /* URLRequestBuilderProtocol.swift in Sources */,
			);
			runOnlyForDeploymentPostprocessing = 0;
		};
		OBJ_64 /* Sources */ = {
			isa = PBXSourcesBuildPhase;
			buildActionMask = 0;
			files = (
				OBJ_65 /* Package.swift in Sources */,
			);
			runOnlyForDeploymentPostprocessing = 0;
		};
		OBJ_75 /* Sources */ = {
			isa = PBXSourcesBuildPhase;
			buildActionMask = 0;
			files = (
				OBJ_76 /* Const.swift in Sources */,
				OBJ_77 /* HTTPBinResponse.swift in Sources */,
				OBJ_78 /* HTTPFluentCombineTests.swift in Sources */,
				OBJ_80 /* Slide.swift in Sources */,
			);
			runOnlyForDeploymentPostprocessing = 0;
		};
/* End PBXSourcesBuildPhase section */

/* Begin PBXTargetDependency section */
		OBJ_70 /* PBXTargetDependency */ = {
			isa = PBXTargetDependency;
			target = "HTTPFluent::HTTPFluentTests" /* HTTPFluentTests */;
			targetProxy = F35FBD3124BD2C1D00B90259 /* PBXContainerItemProxy */;
		};
		OBJ_83 /* PBXTargetDependency */ = {
			isa = PBXTargetDependency;
			target = "HTTPFluent::HTTPFluent" /* HTTPFluent */;
			targetProxy = F35FBD3024BD2C1C00B90259 /* PBXContainerItemProxy */;
		};
/* End PBXTargetDependency section */

/* Begin XCBuildConfiguration section */
		OBJ_3 /* Debug */ = {
			isa = XCBuildConfiguration;
			buildSettings = {
				CLANG_ENABLE_OBJC_ARC = YES;
				COMBINE_HIDPI_IMAGES = YES;
				COPY_PHASE_STRIP = NO;
				DEBUG_INFORMATION_FORMAT = dwarf;
				DYLIB_INSTALL_NAME_BASE = "@rpath";
				ENABLE_NS_ASSERTIONS = YES;
				GCC_OPTIMIZATION_LEVEL = 0;
				GCC_PREPROCESSOR_DEFINITIONS = (
					"$(inherited)",
					"SWIFT_PACKAGE=1",
					"DEBUG=1",
				);
				MACOSX_DEPLOYMENT_TARGET = 10.10;
				ONLY_ACTIVE_ARCH = YES;
				OTHER_SWIFT_FLAGS = "$(inherited) -DXcode";
				PRODUCT_NAME = "$(TARGET_NAME)";
				SDKROOT = macosx;
				SUPPORTED_PLATFORMS = "macosx iphoneos iphonesimulator appletvos appletvsimulator watchos watchsimulator";
				SWIFT_ACTIVE_COMPILATION_CONDITIONS = "$(inherited) SWIFT_PACKAGE DEBUG";
				SWIFT_OPTIMIZATION_LEVEL = "-Onone";
				USE_HEADERMAP = NO;
			};
			name = Debug;
		};
		OBJ_4 /* Release */ = {
			isa = XCBuildConfiguration;
			buildSettings = {
				CLANG_ENABLE_OBJC_ARC = YES;
				COMBINE_HIDPI_IMAGES = YES;
				COPY_PHASE_STRIP = YES;
				DEBUG_INFORMATION_FORMAT = "dwarf-with-dsym";
				DYLIB_INSTALL_NAME_BASE = "@rpath";
				GCC_OPTIMIZATION_LEVEL = s;
				GCC_PREPROCESSOR_DEFINITIONS = (
					"$(inherited)",
					"SWIFT_PACKAGE=1",
				);
				MACOSX_DEPLOYMENT_TARGET = 10.10;
				OTHER_SWIFT_FLAGS = "$(inherited) -DXcode";
				PRODUCT_NAME = "$(TARGET_NAME)";
				SDKROOT = macosx;
				SUPPORTED_PLATFORMS = "macosx iphoneos iphonesimulator appletvos appletvsimulator watchos watchsimulator";
				SWIFT_ACTIVE_COMPILATION_CONDITIONS = "$(inherited) SWIFT_PACKAGE";
				SWIFT_OPTIMIZATION_LEVEL = "-Owholemodule";
				USE_HEADERMAP = NO;
			};
			name = Release;
		};
		OBJ_40 /* Debug */ = {
			isa = XCBuildConfiguration;
			buildSettings = {
				ENABLE_TESTABILITY = YES;
				FRAMEWORK_SEARCH_PATHS = (
					"$(inherited)",
					"$(PLATFORM_DIR)/Developer/Library/Frameworks",
				);
				HEADER_SEARCH_PATHS = "$(inherited)";
				INFOPLIST_FILE = HTTPFluent.xcodeproj/HTTPFluent_Info.plist;
				IPHONEOS_DEPLOYMENT_TARGET = 13.0;
				LD_RUNPATH_SEARCH_PATHS = "$(inherited) $(TOOLCHAIN_DIR)/usr/lib/swift/macosx";
				MACOSX_DEPLOYMENT_TARGET = 10.15;
				OTHER_CFLAGS = "$(inherited)";
				OTHER_LDFLAGS = "$(inherited)";
				OTHER_SWIFT_FLAGS = "$(inherited)";
				PRODUCT_BUNDLE_IDENTIFIER = HTTPFluent;
				PRODUCT_MODULE_NAME = "$(TARGET_NAME:c99extidentifier)";
				PRODUCT_NAME = "$(TARGET_NAME:c99extidentifier)";
				SKIP_INSTALL = YES;
				SWIFT_ACTIVE_COMPILATION_CONDITIONS = "$(inherited)";
				SWIFT_VERSION = 5.0;
				TARGET_NAME = HTTPFluent;
				TVOS_DEPLOYMENT_TARGET = 13.0;
				WATCHOS_DEPLOYMENT_TARGET = 6.0;
			};
			name = Debug;
		};
		OBJ_41 /* Release */ = {
			isa = XCBuildConfiguration;
			buildSettings = {
				ENABLE_TESTABILITY = YES;
				FRAMEWORK_SEARCH_PATHS = (
					"$(inherited)",
					"$(PLATFORM_DIR)/Developer/Library/Frameworks",
				);
				HEADER_SEARCH_PATHS = "$(inherited)";
				INFOPLIST_FILE = HTTPFluent.xcodeproj/HTTPFluent_Info.plist;
				IPHONEOS_DEPLOYMENT_TARGET = 13.0;
				LD_RUNPATH_SEARCH_PATHS = "$(inherited) $(TOOLCHAIN_DIR)/usr/lib/swift/macosx";
				MACOSX_DEPLOYMENT_TARGET = 10.15;
				OTHER_CFLAGS = "$(inherited)";
				OTHER_LDFLAGS = "$(inherited)";
				OTHER_SWIFT_FLAGS = "$(inherited)";
				PRODUCT_BUNDLE_IDENTIFIER = HTTPFluent;
				PRODUCT_MODULE_NAME = "$(TARGET_NAME:c99extidentifier)";
				PRODUCT_NAME = "$(TARGET_NAME:c99extidentifier)";
				SKIP_INSTALL = YES;
				SWIFT_ACTIVE_COMPILATION_CONDITIONS = "$(inherited)";
				SWIFT_VERSION = 5.0;
				TARGET_NAME = HTTPFluent;
				TVOS_DEPLOYMENT_TARGET = 13.0;
				WATCHOS_DEPLOYMENT_TARGET = 6.0;
			};
			name = Release;
		};
		OBJ_62 /* Debug */ = {
			isa = XCBuildConfiguration;
			buildSettings = {
				LD = /usr/bin/true;
				OTHER_SWIFT_FLAGS = "-swift-version 5 -I $(TOOLCHAIN_DIR)/usr/lib/swift/pm/4_2 -target x86_64-apple-macosx10.10 -sdk /Applications/Xcode.app/Contents/Developer/Platforms/MacOSX.platform/Developer/SDKs/MacOSX10.15.sdk -package-description-version 5.2.0";
				SWIFT_VERSION = 5.0;
			};
			name = Debug;
		};
		OBJ_63 /* Release */ = {
			isa = XCBuildConfiguration;
			buildSettings = {
				LD = /usr/bin/true;
				OTHER_SWIFT_FLAGS = "-swift-version 5 -I $(TOOLCHAIN_DIR)/usr/lib/swift/pm/4_2 -target x86_64-apple-macosx10.10 -sdk /Applications/Xcode.app/Contents/Developer/Platforms/MacOSX.platform/Developer/SDKs/MacOSX10.15.sdk -package-description-version 5.2.0";
				SWIFT_VERSION = 5.0;
			};
			name = Release;
		};
		OBJ_68 /* Debug */ = {
			isa = XCBuildConfiguration;
			buildSettings = {
			};
			name = Debug;
		};
		OBJ_69 /* Release */ = {
			isa = XCBuildConfiguration;
			buildSettings = {
			};
			name = Release;
		};
		OBJ_73 /* Debug */ = {
			isa = XCBuildConfiguration;
			buildSettings = {
				CLANG_ENABLE_MODULES = YES;
				EMBEDDED_CONTENT_CONTAINS_SWIFT = YES;
				FRAMEWORK_SEARCH_PATHS = (
					"$(inherited)",
					"$(PLATFORM_DIR)/Developer/Library/Frameworks",
				);
				HEADER_SEARCH_PATHS = "$(inherited)";
				INFOPLIST_FILE = HTTPFluent.xcodeproj/HTTPFluentTests_Info.plist;
				IPHONEOS_DEPLOYMENT_TARGET = 13.0;
				LD_RUNPATH_SEARCH_PATHS = "$(inherited) @loader_path/../Frameworks @loader_path/Frameworks";
				MACOSX_DEPLOYMENT_TARGET = 10.15;
				OTHER_CFLAGS = "$(inherited)";
				OTHER_LDFLAGS = "$(inherited)";
				OTHER_SWIFT_FLAGS = "$(inherited)";
				SWIFT_ACTIVE_COMPILATION_CONDITIONS = "$(inherited)";
				SWIFT_VERSION = 5.0;
				TARGET_NAME = HTTPFluentTests;
				TVOS_DEPLOYMENT_TARGET = 13.0;
				WATCHOS_DEPLOYMENT_TARGET = 6.0;
			};
			name = Debug;
		};
		OBJ_74 /* Release */ = {
			isa = XCBuildConfiguration;
			buildSettings = {
				CLANG_ENABLE_MODULES = YES;
				EMBEDDED_CONTENT_CONTAINS_SWIFT = YES;
				FRAMEWORK_SEARCH_PATHS = (
					"$(inherited)",
					"$(PLATFORM_DIR)/Developer/Library/Frameworks",
				);
				HEADER_SEARCH_PATHS = "$(inherited)";
				INFOPLIST_FILE = HTTPFluent.xcodeproj/HTTPFluentTests_Info.plist;
				IPHONEOS_DEPLOYMENT_TARGET = 13.0;
				LD_RUNPATH_SEARCH_PATHS = "$(inherited) @loader_path/../Frameworks @loader_path/Frameworks";
				MACOSX_DEPLOYMENT_TARGET = 10.15;
				OTHER_CFLAGS = "$(inherited)";
				OTHER_LDFLAGS = "$(inherited)";
				OTHER_SWIFT_FLAGS = "$(inherited)";
				SWIFT_ACTIVE_COMPILATION_CONDITIONS = "$(inherited)";
				SWIFT_VERSION = 5.0;
				TARGET_NAME = HTTPFluentTests;
				TVOS_DEPLOYMENT_TARGET = 13.0;
				WATCHOS_DEPLOYMENT_TARGET = 6.0;
			};
			name = Release;
		};
/* End XCBuildConfiguration section */

/* Begin XCConfigurationList section */
		OBJ_2 /* Build configuration list for PBXProject "HTTPFluent" */ = {
			isa = XCConfigurationList;
			buildConfigurations = (
				OBJ_3 /* Debug */,
				OBJ_4 /* Release */,
			);
			defaultConfigurationIsVisible = 0;
			defaultConfigurationName = Release;
		};
		OBJ_39 /* Build configuration list for PBXNativeTarget "HTTPFluent" */ = {
			isa = XCConfigurationList;
			buildConfigurations = (
				OBJ_40 /* Debug */,
				OBJ_41 /* Release */,
			);
			defaultConfigurationIsVisible = 0;
			defaultConfigurationName = Release;
		};
		OBJ_61 /* Build configuration list for PBXNativeTarget "HTTPFluentPackageDescription" */ = {
			isa = XCConfigurationList;
			buildConfigurations = (
				OBJ_62 /* Debug */,
				OBJ_63 /* Release */,
			);
			defaultConfigurationIsVisible = 0;
			defaultConfigurationName = Release;
		};
		OBJ_67 /* Build configuration list for PBXAggregateTarget "HTTPFluentPackageTests" */ = {
			isa = XCConfigurationList;
			buildConfigurations = (
				OBJ_68 /* Debug */,
				OBJ_69 /* Release */,
			);
			defaultConfigurationIsVisible = 0;
			defaultConfigurationName = Release;
		};
		OBJ_72 /* Build configuration list for PBXNativeTarget "HTTPFluentTests" */ = {
			isa = XCConfigurationList;
			buildConfigurations = (
				OBJ_73 /* Debug */,
				OBJ_74 /* Release */,
			);
			defaultConfigurationIsVisible = 0;
			defaultConfigurationName = Release;
		};
/* End XCConfigurationList section */
	};
	rootObject = OBJ_1 /* Project object */;
}
