// !$*UTF8*$!
{
	archiveVersion = 1;
	classes = {
	};
	objectVersion = 46;
	objects = {

/* Begin PBXAggregateTarget section */
		"HTTPFluent::HTTPFluentPackageTests::ProductTarget" /* HTTPFluentPackageTests */ = {
			isa = PBXAggregateTarget;
			buildConfigurationList = OBJ_64 /* Build configuration list for PBXAggregateTarget "HTTPFluentPackageTests" */;
			buildPhases = (
			);
			dependencies = (
				OBJ_67 /* PBXTargetDependency */,
			);
			name = HTTPFluentPackageTests;
			productName = HTTPFluentPackageTests;
		};
/* End PBXAggregateTarget section */

/* Begin PBXBuildFile section */
		F301735024E413DA00FEFE38 /* URLClientProtocol+Combine.swift in Sources */ = {isa = PBXBuildFile; fileRef = F301734F24E413DA00FEFE38 /* URLClientProtocol+Combine.swift */; };
		F301735224E4146500FEFE38 /* URLClientProtocol+Receive.swift in Sources */ = {isa = PBXBuildFile; fileRef = F301735124E4146500FEFE38 /* URLClientProtocol+Receive.swift */; };
		F301735424E415C400FEFE38 /* Combine+Shim.swift in Sources */ = {isa = PBXBuildFile; fileRef = F301735324E415C400FEFE38 /* Combine+Shim.swift */; };
		F301735624E4180000FEFE38 /* HTTPFluentReceiveTests.swift in Sources */ = {isa = PBXBuildFile; fileRef = F301735524E4180000FEFE38 /* HTTPFluentReceiveTests.swift */; };
		F3EBB64924E207A900710514 /* Decoders.swift in Sources */ = {isa = PBXBuildFile; fileRef = F3EBB64824E207A900710514 /* Decoders.swift */; };
		OBJ_41 /* ConstantValue.swift in Sources */ = {isa = PBXBuildFile; fileRef = OBJ_9 /* ConstantValue.swift */; };
		OBJ_42 /* FormData.swift in Sources */ = {isa = PBXBuildFile; fileRef = OBJ_10 /* FormData.swift */; };
		OBJ_43 /* HTTPHeaderField.swift in Sources */ = {isa = PBXBuildFile; fileRef = OBJ_11 /* HTTPHeaderField.swift */; };
		OBJ_44 /* HTTPMethod.swift in Sources */ = {isa = PBXBuildFile; fileRef = OBJ_12 /* HTTPMethod.swift */; };
		OBJ_45 /* MimeType.swift in Sources */ = {isa = PBXBuildFile; fileRef = OBJ_13 /* MimeType.swift */; };
		OBJ_46 /* Publisher.swift in Sources */ = {isa = PBXBuildFile; fileRef = OBJ_14 /* Publisher.swift */; };
		OBJ_47 /* URLClient.swift in Sources */ = {isa = PBXBuildFile; fileRef = OBJ_15 /* URLClient.swift */; };
		OBJ_48 /* URLClientProtocol.swift in Sources */ = {isa = PBXBuildFile; fileRef = OBJ_16 /* URLClientProtocol.swift */; };
		OBJ_49 /* URLError.swift in Sources */ = {isa = PBXBuildFile; fileRef = OBJ_17 /* URLError.swift */; };
		OBJ_50 /* URLRequestBuilder.swift in Sources */ = {isa = PBXBuildFile; fileRef = OBJ_18 /* URLRequestBuilder.swift */; };
		OBJ_51 /* URLRequestBuilderProtocol+HTTPBody.swift in Sources */ = {isa = PBXBuildFile; fileRef = OBJ_19 /* URLRequestBuilderProtocol+HTTPBody.swift */; };
		OBJ_52 /* URLRequestBuilderProtocol+URL.swift in Sources */ = {isa = PBXBuildFile; fileRef = OBJ_20 /* URLRequestBuilderProtocol+URL.swift */; };
		OBJ_53 /* URLRequestBuilderProtocol+URLRequest.swift in Sources */ = {isa = PBXBuildFile; fileRef = OBJ_21 /* URLRequestBuilderProtocol+URLRequest.swift */; };
		OBJ_54 /* URLRequestBuilderProtocol.swift in Sources */ = {isa = PBXBuildFile; fileRef = OBJ_22 /* URLRequestBuilderProtocol.swift */; };
		OBJ_55 /* URLResult.swift in Sources */ = {isa = PBXBuildFile; fileRef = OBJ_23 /* URLResult.swift */; };
		OBJ_62 /* Package.swift in Sources */ = {isa = PBXBuildFile; fileRef = OBJ_6 /* Package.swift */; };
		OBJ_73 /* Const.swift in Sources */ = {isa = PBXBuildFile; fileRef = OBJ_26 /* Const.swift */; };
		OBJ_74 /* HTTPBinResponse.swift in Sources */ = {isa = PBXBuildFile; fileRef = OBJ_27 /* HTTPBinResponse.swift */; };
		OBJ_75 /* HTTPFluentCombineTests.swift in Sources */ = {isa = PBXBuildFile; fileRef = OBJ_28 /* HTTPFluentCombineTests.swift */; };
		OBJ_76 /* Slide.swift in Sources */ = {isa = PBXBuildFile; fileRef = OBJ_29 /* Slide.swift */; };
		OBJ_78 /* HTTPFluent.framework in Frameworks */ = {isa = PBXBuildFile; fileRef = "HTTPFluent::HTTPFluent::Product" /* HTTPFluent.framework */; };
/* End PBXBuildFile section */

/* Begin PBXContainerItemProxy section */
		F3EBB64424E2054600710514 /* PBXContainerItemProxy */ = {
			isa = PBXContainerItemProxy;
			containerPortal = OBJ_1 /* Project object */;
			proxyType = 1;
			remoteGlobalIDString = "HTTPFluent::HTTPFluent";
			remoteInfo = HTTPFluent;
		};
		F3EBB64724E207A000710514 /* PBXContainerItemProxy */ = {
			isa = PBXContainerItemProxy;
			containerPortal = OBJ_1 /* Project object */;
			proxyType = 1;
			remoteGlobalIDString = "HTTPFluent::HTTPFluentTests";
			remoteInfo = HTTPFluentTests;
		};
/* End PBXContainerItemProxy section */

/* Begin PBXFileReference section */
		F301734F24E413DA00FEFE38 /* URLClientProtocol+Combine.swift */ = {isa = PBXFileReference; lastKnownFileType = sourcecode.swift; path = "URLClientProtocol+Combine.swift"; sourceTree = "<group>"; };
		F301735124E4146500FEFE38 /* URLClientProtocol+Receive.swift */ = {isa = PBXFileReference; lastKnownFileType = sourcecode.swift; path = "URLClientProtocol+Receive.swift"; sourceTree = "<group>"; };
		F301735324E415C400FEFE38 /* Combine+Shim.swift */ = {isa = PBXFileReference; lastKnownFileType = sourcecode.swift; path = "Combine+Shim.swift"; sourceTree = "<group>"; };
		F301735524E4180000FEFE38 /* HTTPFluentReceiveTests.swift */ = {isa = PBXFileReference; lastKnownFileType = sourcecode.swift; path = HTTPFluentReceiveTests.swift; sourceTree = "<group>"; };
		F3EBB64824E207A900710514 /* Decoders.swift */ = {isa = PBXFileReference; lastKnownFileType = sourcecode.swift; path = Decoders.swift; sourceTree = "<group>"; };
		"HTTPFluent::HTTPFluent::Product" /* HTTPFluent.framework */ = {isa = PBXFileReference; lastKnownFileType = wrapper.framework; path = HTTPFluent.framework; sourceTree = BUILT_PRODUCTS_DIR; };
		"HTTPFluent::HTTPFluentTests::Product" /* HTTPFluentTests.xctest */ = {isa = PBXFileReference; lastKnownFileType = file; path = HTTPFluentTests.xctest; sourceTree = BUILT_PRODUCTS_DIR; };
		OBJ_10 /* FormData.swift */ = {isa = PBXFileReference; lastKnownFileType = sourcecode.swift; path = FormData.swift; sourceTree = "<group>"; };
		OBJ_11 /* HTTPHeaderField.swift */ = {isa = PBXFileReference; lastKnownFileType = sourcecode.swift; path = HTTPHeaderField.swift; sourceTree = "<group>"; };
		OBJ_12 /* HTTPMethod.swift */ = {isa = PBXFileReference; lastKnownFileType = sourcecode.swift; path = HTTPMethod.swift; sourceTree = "<group>"; };
		OBJ_13 /* MimeType.swift */ = {isa = PBXFileReference; lastKnownFileType = sourcecode.swift; path = MimeType.swift; sourceTree = "<group>"; };
		OBJ_14 /* Publisher.swift */ = {isa = PBXFileReference; lastKnownFileType = sourcecode.swift; path = Publisher.swift; sourceTree = "<group>"; };
		OBJ_15 /* URLClient.swift */ = {isa = PBXFileReference; lastKnownFileType = sourcecode.swift; path = URLClient.swift; sourceTree = "<group>"; };
		OBJ_16 /* URLClientProtocol.swift */ = {isa = PBXFileReference; lastKnownFileType = sourcecode.swift; path = URLClientProtocol.swift; sourceTree = "<group>"; };
		OBJ_17 /* URLError.swift */ = {isa = PBXFileReference; lastKnownFileType = sourcecode.swift; path = URLError.swift; sourceTree = "<group>"; };
		OBJ_18 /* URLRequestBuilder.swift */ = {isa = PBXFileReference; lastKnownFileType = sourcecode.swift; path = URLRequestBuilder.swift; sourceTree = "<group>"; };
		OBJ_19 /* URLRequestBuilderProtocol+HTTPBody.swift */ = {isa = PBXFileReference; lastKnownFileType = sourcecode.swift; path = "URLRequestBuilderProtocol+HTTPBody.swift"; sourceTree = "<group>"; };
		OBJ_20 /* URLRequestBuilderProtocol+URL.swift */ = {isa = PBXFileReference; lastKnownFileType = sourcecode.swift; path = "URLRequestBuilderProtocol+URL.swift"; sourceTree = "<group>"; };
		OBJ_21 /* URLRequestBuilderProtocol+URLRequest.swift */ = {isa = PBXFileReference; lastKnownFileType = sourcecode.swift; path = "URLRequestBuilderProtocol+URLRequest.swift"; sourceTree = "<group>"; };
		OBJ_22 /* URLRequestBuilderProtocol.swift */ = {isa = PBXFileReference; lastKnownFileType = sourcecode.swift; path = URLRequestBuilderProtocol.swift; sourceTree = "<group>"; };
		OBJ_23 /* URLResult.swift */ = {isa = PBXFileReference; lastKnownFileType = sourcecode.swift; path = URLResult.swift; sourceTree = "<group>"; };
		OBJ_26 /* Const.swift */ = {isa = PBXFileReference; lastKnownFileType = sourcecode.swift; path = Const.swift; sourceTree = "<group>"; };
		OBJ_27 /* HTTPBinResponse.swift */ = {isa = PBXFileReference; lastKnownFileType = sourcecode.swift; path = HTTPBinResponse.swift; sourceTree = "<group>"; };
		OBJ_28 /* HTTPFluentCombineTests.swift */ = {isa = PBXFileReference; lastKnownFileType = sourcecode.swift; path = HTTPFluentCombineTests.swift; sourceTree = "<group>"; };
		OBJ_29 /* Slide.swift */ = {isa = PBXFileReference; lastKnownFileType = sourcecode.swift; path = Slide.swift; sourceTree = "<group>"; };
		OBJ_33 /* LICENSE */ = {isa = PBXFileReference; lastKnownFileType = text; path = LICENSE; sourceTree = "<group>"; };
		OBJ_34 /* README.md */ = {isa = PBXFileReference; lastKnownFileType = net.daringfireball.markdown; path = README.md; sourceTree = "<group>"; };
		OBJ_35 /* HTTPFluent.podspec */ = {isa = PBXFileReference; lastKnownFileType = text; path = HTTPFluent.podspec; sourceTree = "<group>"; };
		OBJ_6 /* Package.swift */ = {isa = PBXFileReference; explicitFileType = sourcecode.swift; path = Package.swift; sourceTree = "<group>"; };
		OBJ_9 /* ConstantValue.swift */ = {isa = PBXFileReference; lastKnownFileType = sourcecode.swift; path = ConstantValue.swift; sourceTree = "<group>"; };
/* End PBXFileReference section */

/* Begin PBXFrameworksBuildPhase section */
		OBJ_56 /* Frameworks */ = {
			isa = PBXFrameworksBuildPhase;
			buildActionMask = 0;
			files = (
			);
			runOnlyForDeploymentPostprocessing = 0;
		};
		OBJ_77 /* Frameworks */ = {
			isa = PBXFrameworksBuildPhase;
			buildActionMask = 0;
			files = (
				OBJ_78 /* HTTPFluent.framework in Frameworks */,
			);
			runOnlyForDeploymentPostprocessing = 0;
		};
/* End PBXFrameworksBuildPhase section */

/* Begin PBXGroup section */
		OBJ_24 /* Tests */ = {
			isa = PBXGroup;
			children = (
				OBJ_25 /* HTTPFluentTests */,
			);
			name = Tests;
			sourceTree = SOURCE_ROOT;
		};
		OBJ_25 /* HTTPFluentTests */ = {
			isa = PBXGroup;
			children = (
				OBJ_26 /* Const.swift */,
				OBJ_27 /* HTTPBinResponse.swift */,
				OBJ_28 /* HTTPFluentCombineTests.swift */,
				F301735524E4180000FEFE38 /* HTTPFluentReceiveTests.swift */,
				OBJ_29 /* Slide.swift */,
			);
			name = HTTPFluentTests;
			path = Tests/HTTPFluentTests;
			sourceTree = SOURCE_ROOT;
		};
		OBJ_30 /* Products */ = {
			isa = PBXGroup;
			children = (
				"HTTPFluent::HTTPFluent::Product" /* HTTPFluent.framework */,
				"HTTPFluent::HTTPFluentTests::Product" /* HTTPFluentTests.xctest */,
			);
			name = Products;
			sourceTree = BUILT_PRODUCTS_DIR;
		};
		OBJ_5 = {
			isa = PBXGroup;
			children = (
				OBJ_6 /* Package.swift */,
				OBJ_7 /* Sources */,
				OBJ_24 /* Tests */,
				OBJ_30 /* Products */,
				OBJ_33 /* LICENSE */,
				OBJ_34 /* README.md */,
				OBJ_35 /* HTTPFluent.podspec */,
			);
			sourceTree = "<group>";
		};
		OBJ_7 /* Sources */ = {
			isa = PBXGroup;
			children = (
				OBJ_8 /* HTTPFluent */,
			);
			name = Sources;
			sourceTree = SOURCE_ROOT;
		};
		OBJ_8 /* HTTPFluent */ = {
			isa = PBXGroup;
			children = (
				F301735324E415C400FEFE38 /* Combine+Shim.swift */,
				OBJ_9 /* ConstantValue.swift */,
				F3EBB64824E207A900710514 /* Decoders.swift */,
				OBJ_10 /* FormData.swift */,
				OBJ_11 /* HTTPHeaderField.swift */,
				OBJ_12 /* HTTPMethod.swift */,
				OBJ_13 /* MimeType.swift */,
				OBJ_14 /* Publisher.swift */,
				OBJ_15 /* URLClient.swift */,
				OBJ_16 /* URLClientProtocol.swift */,
				F301734F24E413DA00FEFE38 /* URLClientProtocol+Combine.swift */,
				F301735124E4146500FEFE38 /* URLClientProtocol+Receive.swift */,
				OBJ_17 /* URLError.swift */,
				OBJ_18 /* URLRequestBuilder.swift */,
				OBJ_22 /* URLRequestBuilderProtocol.swift */,
				OBJ_19 /* URLRequestBuilderProtocol+HTTPBody.swift */,
				OBJ_20 /* URLRequestBuilderProtocol+URL.swift */,
				OBJ_21 /* URLRequestBuilderProtocol+URLRequest.swift */,
				OBJ_23 /* URLResult.swift */,
			);
			name = HTTPFluent;
			path = Sources/HTTPFluent;
			sourceTree = SOURCE_ROOT;
		};
/* End PBXGroup section */

/* Begin PBXNativeTarget section */
		"HTTPFluent::HTTPFluent" /* HTTPFluent */ = {
			isa = PBXNativeTarget;
			buildConfigurationList = OBJ_37 /* Build configuration list for PBXNativeTarget "HTTPFluent" */;
			buildPhases = (
				OBJ_40 /* Sources */,
				OBJ_56 /* Frameworks */,
			);
			buildRules = (
			);
			dependencies = (
			);
			name = HTTPFluent;
			productName = HTTPFluent;
			productReference = "HTTPFluent::HTTPFluent::Product" /* HTTPFluent.framework */;
			productType = "com.apple.product-type.framework";
		};
		"HTTPFluent::HTTPFluentTests" /* HTTPFluentTests */ = {
			isa = PBXNativeTarget;
			buildConfigurationList = OBJ_69 /* Build configuration list for PBXNativeTarget "HTTPFluentTests" */;
			buildPhases = (
				OBJ_72 /* Sources */,
				OBJ_77 /* Frameworks */,
			);
			buildRules = (
			);
			dependencies = (
				OBJ_79 /* PBXTargetDependency */,
			);
			name = HTTPFluentTests;
			productName = HTTPFluentTests;
			productReference = "HTTPFluent::HTTPFluentTests::Product" /* HTTPFluentTests.xctest */;
			productType = "com.apple.product-type.bundle.unit-test";
		};
		"HTTPFluent::SwiftPMPackageDescription" /* HTTPFluentPackageDescription */ = {
			isa = PBXNativeTarget;
			buildConfigurationList = OBJ_58 /* Build configuration list for PBXNativeTarget "HTTPFluentPackageDescription" */;
			buildPhases = (
				OBJ_61 /* Sources */,
			);
			buildRules = (
			);
			dependencies = (
			);
			name = HTTPFluentPackageDescription;
			productName = HTTPFluentPackageDescription;
			productType = "com.apple.product-type.framework";
		};
/* End PBXNativeTarget section */

/* Begin PBXProject section */
		OBJ_1 /* Project object */ = {
			isa = PBXProject;
			attributes = {
				LastSwiftMigration = 9999;
				LastUpgradeCheck = 9999;
			};
			buildConfigurationList = OBJ_2 /* Build configuration list for PBXProject "HTTPFluent" */;
			compatibilityVersion = "Xcode 3.2";
			developmentRegion = en;
			hasScannedForEncodings = 0;
			knownRegions = (
				en,
			);
			mainGroup = OBJ_5;
			productRefGroup = OBJ_30 /* Products */;
			projectDirPath = "";
			projectRoot = "";
			targets = (
				"HTTPFluent::HTTPFluent" /* HTTPFluent */,
				"HTTPFluent::SwiftPMPackageDescription" /* HTTPFluentPackageDescription */,
				"HTTPFluent::HTTPFluentPackageTests::ProductTarget" /* HTTPFluentPackageTests */,
				"HTTPFluent::HTTPFluentTests" /* HTTPFluentTests */,
			);
		};
/* End PBXProject section */

/* Begin PBXSourcesBuildPhase section */
		OBJ_40 /* Sources */ = {
			isa = PBXSourcesBuildPhase;
			buildActionMask = 0;
			files = (
				OBJ_41 /* ConstantValue.swift in Sources */,
				OBJ_42 /* FormData.swift in Sources */,
				F301735424E415C400FEFE38 /* Combine+Shim.swift in Sources */,
				F301735224E4146500FEFE38 /* URLClientProtocol+Receive.swift in Sources */,
				F301735024E413DA00FEFE38 /* URLClientProtocol+Combine.swift in Sources */,
				OBJ_43 /* HTTPHeaderField.swift in Sources */,
				OBJ_44 /* HTTPMethod.swift in Sources */,
				OBJ_45 /* MimeType.swift in Sources */,
				OBJ_46 /* Publisher.swift in Sources */,
				OBJ_47 /* URLClient.swift in Sources */,
				OBJ_48 /* URLClientProtocol.swift in Sources */,
				OBJ_49 /* URLError.swift in Sources */,
				OBJ_50 /* URLRequestBuilder.swift in Sources */,
				OBJ_51 /* URLRequestBuilderProtocol+HTTPBody.swift in Sources */,
				OBJ_52 /* URLRequestBuilderProtocol+URL.swift in Sources */,
				OBJ_53 /* URLRequestBuilderProtocol+URLRequest.swift in Sources */,
				OBJ_54 /* URLRequestBuilderProtocol.swift in Sources */,
				OBJ_55 /* URLResult.swift in Sources */,
				F3EBB64924E207A900710514 /* Decoders.swift in Sources */,
			);
			runOnlyForDeploymentPostprocessing = 0;
		};
		OBJ_61 /* Sources */ = {
			isa = PBXSourcesBuildPhase;
			buildActionMask = 0;
			files = (
				OBJ_62 /* Package.swift in Sources */,
			);
			runOnlyForDeploymentPostprocessing = 0;
		};
		OBJ_72 /* Sources */ = {
			isa = PBXSourcesBuildPhase;
			buildActionMask = 0;
			files = (
				F301735624E4180000FEFE38 /* HTTPFluentReceiveTests.swift in Sources */,
				OBJ_73 /* Const.swift in Sources */,
				OBJ_74 /* HTTPBinResponse.swift in Sources */,
				OBJ_75 /* HTTPFluentCombineTests.swift in Sources */,
				OBJ_76 /* Slide.swift in Sources */,
			);
			runOnlyForDeploymentPostprocessing = 0;
		};
/* End PBXSourcesBuildPhase section */

/* Begin PBXTargetDependency section */
		OBJ_67 /* PBXTargetDependency */ = {
			isa = PBXTargetDependency;
			target = "HTTPFluent::HTTPFluentTests" /* HTTPFluentTests */;
			targetProxy = F3EBB64724E207A000710514 /* PBXContainerItemProxy */;
		};
		OBJ_79 /* PBXTargetDependency */ = {
			isa = PBXTargetDependency;
			target = "HTTPFluent::HTTPFluent" /* HTTPFluent */;
			targetProxy = F3EBB64424E2054600710514 /* PBXContainerItemProxy */;
		};
/* End PBXTargetDependency section */

/* Begin XCBuildConfiguration section */
		OBJ_3 /* Debug */ = {
			isa = XCBuildConfiguration;
			buildSettings = {
				CLANG_ENABLE_OBJC_ARC = YES;
				COMBINE_HIDPI_IMAGES = YES;
				COPY_PHASE_STRIP = NO;
				DEBUG_INFORMATION_FORMAT = dwarf;
				DYLIB_INSTALL_NAME_BASE = "@rpath";
				ENABLE_NS_ASSERTIONS = YES;
				GCC_OPTIMIZATION_LEVEL = 0;
				GCC_PREPROCESSOR_DEFINITIONS = (
					"$(inherited)",
					"SWIFT_PACKAGE=1",
					"DEBUG=1",
				);
				MACOSX_DEPLOYMENT_TARGET = 10.10;
				ONLY_ACTIVE_ARCH = YES;
				OTHER_SWIFT_FLAGS = "$(inherited) -DXcode";
				PRODUCT_NAME = "$(TARGET_NAME)";
				SDKROOT = macosx;
				SUPPORTED_PLATFORMS = "macosx iphoneos iphonesimulator appletvos appletvsimulator watchos watchsimulator";
				SWIFT_ACTIVE_COMPILATION_CONDITIONS = "$(inherited) SWIFT_PACKAGE DEBUG";
				SWIFT_OPTIMIZATION_LEVEL = "-Onone";
				USE_HEADERMAP = NO;
			};
			name = Debug;
		};
		OBJ_38 /* Debug */ = {
			isa = XCBuildConfiguration;
			buildSettings = {
				ENABLE_TESTABILITY = YES;
				FRAMEWORK_SEARCH_PATHS = (
					"$(inherited)",
					"$(PLATFORM_DIR)/Developer/Library/Frameworks",
				);
				HEADER_SEARCH_PATHS = "$(inherited)";
				INFOPLIST_FILE = HTTPFluent.xcodeproj/HTTPFluent_Info.plist;
				IPHONEOS_DEPLOYMENT_TARGET = 13.0;
				LD_RUNPATH_SEARCH_PATHS = "$(inherited) $(TOOLCHAIN_DIR)/usr/lib/swift/macosx";
				MACOSX_DEPLOYMENT_TARGET = 10.15;
				OTHER_CFLAGS = "$(inherited)";
				OTHER_LDFLAGS = "$(inherited)";
				OTHER_SWIFT_FLAGS = "$(inherited)";
				PRODUCT_BUNDLE_IDENTIFIER = HTTPFluent;
				PRODUCT_MODULE_NAME = "$(TARGET_NAME:c99extidentifier)";
				PRODUCT_NAME = "$(TARGET_NAME:c99extidentifier)";
				SKIP_INSTALL = YES;
				SWIFT_ACTIVE_COMPILATION_CONDITIONS = "$(inherited)";
				SWIFT_VERSION = 5.0;
				TARGET_NAME = HTTPFluent;
				TVOS_DEPLOYMENT_TARGET = 13.0;
				WATCHOS_DEPLOYMENT_TARGET = 6.0;
			};
			name = Debug;
		};
		OBJ_39 /* Release */ = {
			isa = XCBuildConfiguration;
			buildSettings = {
				ENABLE_TESTABILITY = YES;
				FRAMEWORK_SEARCH_PATHS = (
					"$(inherited)",
					"$(PLATFORM_DIR)/Developer/Library/Frameworks",
				);
				HEADER_SEARCH_PATHS = "$(inherited)";
				INFOPLIST_FILE = HTTPFluent.xcodeproj/HTTPFluent_Info.plist;
				IPHONEOS_DEPLOYMENT_TARGET = 13.0;
				LD_RUNPATH_SEARCH_PATHS = "$(inherited) $(TOOLCHAIN_DIR)/usr/lib/swift/macosx";
				MACOSX_DEPLOYMENT_TARGET = 10.15;
				OTHER_CFLAGS = "$(inherited)";
				OTHER_LDFLAGS = "$(inherited)";
				OTHER_SWIFT_FLAGS = "$(inherited)";
				PRODUCT_BUNDLE_IDENTIFIER = HTTPFluent;
				PRODUCT_MODULE_NAME = "$(TARGET_NAME:c99extidentifier)";
				PRODUCT_NAME = "$(TARGET_NAME:c99extidentifier)";
				SKIP_INSTALL = YES;
				SWIFT_ACTIVE_COMPILATION_CONDITIONS = "$(inherited)";
				SWIFT_VERSION = 5.0;
				TARGET_NAME = HTTPFluent;
				TVOS_DEPLOYMENT_TARGET = 13.0;
				WATCHOS_DEPLOYMENT_TARGET = 6.0;
			};
			name = Release;
		};
		OBJ_4 /* Release */ = {
			isa = XCBuildConfiguration;
			buildSettings = {
				CLANG_ENABLE_OBJC_ARC = YES;
				COMBINE_HIDPI_IMAGES = YES;
				COPY_PHASE_STRIP = YES;
				DEBUG_INFORMATION_FORMAT = "dwarf-with-dsym";
				DYLIB_INSTALL_NAME_BASE = "@rpath";
				GCC_OPTIMIZATION_LEVEL = s;
				GCC_PREPROCESSOR_DEFINITIONS = (
					"$(inherited)",
					"SWIFT_PACKAGE=1",
				);
				MACOSX_DEPLOYMENT_TARGET = 10.10;
				OTHER_SWIFT_FLAGS = "$(inherited) -DXcode";
				PRODUCT_NAME = "$(TARGET_NAME)";
				SDKROOT = macosx;
				SUPPORTED_PLATFORMS = "macosx iphoneos iphonesimulator appletvos appletvsimulator watchos watchsimulator";
				SWIFT_ACTIVE_COMPILATION_CONDITIONS = "$(inherited) SWIFT_PACKAGE";
				SWIFT_OPTIMIZATION_LEVEL = "-Owholemodule";
				USE_HEADERMAP = NO;
			};
			name = Release;
		};
		OBJ_59 /* Debug */ = {
			isa = XCBuildConfiguration;
			buildSettings = {
				LD = /usr/bin/true;
				OTHER_SWIFT_FLAGS = "-swift-version 5 -I $(TOOLCHAIN_DIR)/usr/lib/swift/pm/4_2 -target x86_64-apple-macosx10.10 -sdk /Applications/Xcode.app/Contents/Developer/Platforms/MacOSX.platform/Developer/SDKs/MacOSX10.15.sdk -package-description-version 5.2.0";
				SWIFT_VERSION = 5.0;
			};
			name = Debug;
		};
		OBJ_60 /* Release */ = {
			isa = XCBuildConfiguration;
			buildSettings = {
				LD = /usr/bin/true;
				OTHER_SWIFT_FLAGS = "-swift-version 5 -I $(TOOLCHAIN_DIR)/usr/lib/swift/pm/4_2 -target x86_64-apple-macosx10.10 -sdk /Applications/Xcode.app/Contents/Developer/Platforms/MacOSX.platform/Developer/SDKs/MacOSX10.15.sdk -package-description-version 5.2.0";
				SWIFT_VERSION = 5.0;
			};
			name = Release;
		};
		OBJ_65 /* Debug */ = {
			isa = XCBuildConfiguration;
			buildSettings = {
			};
			name = Debug;
		};
		OBJ_66 /* Release */ = {
			isa = XCBuildConfiguration;
			buildSettings = {
			};
			name = Release;
		};
		OBJ_70 /* Debug */ = {
			isa = XCBuildConfiguration;
			buildSettings = {
				CLANG_ENABLE_MODULES = YES;
				EMBEDDED_CONTENT_CONTAINS_SWIFT = YES;
				FRAMEWORK_SEARCH_PATHS = (
					"$(inherited)",
					"$(PLATFORM_DIR)/Developer/Library/Frameworks",
				);
				HEADER_SEARCH_PATHS = "$(inherited)";
				INFOPLIST_FILE = HTTPFluent.xcodeproj/HTTPFluentTests_Info.plist;
				IPHONEOS_DEPLOYMENT_TARGET = 13.0;
				LD_RUNPATH_SEARCH_PATHS = "$(inherited) @loader_path/../Frameworks @loader_path/Frameworks";
				MACOSX_DEPLOYMENT_TARGET = 10.15;
				OTHER_CFLAGS = "$(inherited)";
				OTHER_LDFLAGS = "$(inherited)";
				OTHER_SWIFT_FLAGS = "$(inherited)";
				SWIFT_ACTIVE_COMPILATION_CONDITIONS = "$(inherited)";
				SWIFT_VERSION = 5.0;
				TARGET_NAME = HTTPFluentTests;
				TVOS_DEPLOYMENT_TARGET = 13.0;
				WATCHOS_DEPLOYMENT_TARGET = 6.0;
			};
			name = Debug;
		};
		OBJ_71 /* Release */ = {
			isa = XCBuildConfiguration;
			buildSettings = {
				CLANG_ENABLE_MODULES = YES;
				EMBEDDED_CONTENT_CONTAINS_SWIFT = YES;
				FRAMEWORK_SEARCH_PATHS = (
					"$(inherited)",
					"$(PLATFORM_DIR)/Developer/Library/Frameworks",
				);
				HEADER_SEARCH_PATHS = "$(inherited)";
				INFOPLIST_FILE = HTTPFluent.xcodeproj/HTTPFluentTests_Info.plist;
				IPHONEOS_DEPLOYMENT_TARGET = 13.0;
				LD_RUNPATH_SEARCH_PATHS = "$(inherited) @loader_path/../Frameworks @loader_path/Frameworks";
				MACOSX_DEPLOYMENT_TARGET = 10.15;
				OTHER_CFLAGS = "$(inherited)";
				OTHER_LDFLAGS = "$(inherited)";
				OTHER_SWIFT_FLAGS = "$(inherited)";
				SWIFT_ACTIVE_COMPILATION_CONDITIONS = "$(inherited)";
				SWIFT_VERSION = 5.0;
				TARGET_NAME = HTTPFluentTests;
				TVOS_DEPLOYMENT_TARGET = 13.0;
				WATCHOS_DEPLOYMENT_TARGET = 6.0;
			};
			name = Release;
		};
/* End XCBuildConfiguration section */

/* Begin XCConfigurationList section */
		OBJ_2 /* Build configuration list for PBXProject "HTTPFluent" */ = {
			isa = XCConfigurationList;
			buildConfigurations = (
				OBJ_3 /* Debug */,
				OBJ_4 /* Release */,
			);
			defaultConfigurationIsVisible = 0;
			defaultConfigurationName = Release;
		};
		OBJ_37 /* Build configuration list for PBXNativeTarget "HTTPFluent" */ = {
			isa = XCConfigurationList;
			buildConfigurations = (
				OBJ_38 /* Debug */,
				OBJ_39 /* Release */,
			);
			defaultConfigurationIsVisible = 0;
			defaultConfigurationName = Release;
		};
		OBJ_58 /* Build configuration list for PBXNativeTarget "HTTPFluentPackageDescription" */ = {
			isa = XCConfigurationList;
			buildConfigurations = (
				OBJ_59 /* Debug */,
				OBJ_60 /* Release */,
			);
			defaultConfigurationIsVisible = 0;
			defaultConfigurationName = Release;
		};
		OBJ_64 /* Build configuration list for PBXAggregateTarget "HTTPFluentPackageTests" */ = {
			isa = XCConfigurationList;
			buildConfigurations = (
				OBJ_65 /* Debug */,
				OBJ_66 /* Release */,
			);
			defaultConfigurationIsVisible = 0;
			defaultConfigurationName = Release;
		};
		OBJ_69 /* Build configuration list for PBXNativeTarget "HTTPFluentTests" */ = {
			isa = XCConfigurationList;
			buildConfigurations = (
				OBJ_70 /* Debug */,
				OBJ_71 /* Release */,
			);
			defaultConfigurationIsVisible = 0;
			defaultConfigurationName = Release;
		};
/* End XCConfigurationList section */
	};
	rootObject = OBJ_1 /* Project object */;
}
